// !$*UTF8*$!
{
	archiveVersion = 1;
	classes = {
	};
	objectVersion = 48;
	objects = {

/* Begin PBXBuildFile section */
		6563BD2C20600B0A0071AA41 /* AppDelegate.swift in Sources */ = {isa = PBXBuildFile; fileRef = 6563BD2B20600B0A0071AA41 /* AppDelegate.swift */; };
		6563BD2E20600B0A0071AA41 /* ViewController.swift in Sources */ = {isa = PBXBuildFile; fileRef = 6563BD2D20600B0A0071AA41 /* ViewController.swift */; };
		6563BD3120600B0A0071AA41 /* Main.storyboard in Resources */ = {isa = PBXBuildFile; fileRef = 6563BD2F20600B0A0071AA41 /* Main.storyboard */; };
		6563BD3320600B0A0071AA41 /* Assets.xcassets in Resources */ = {isa = PBXBuildFile; fileRef = 6563BD3220600B0A0071AA41 /* Assets.xcassets */; };
		6563BD3620600B0A0071AA41 /* LaunchScreen.storyboard in Resources */ = {isa = PBXBuildFile; fileRef = 6563BD3420600B0A0071AA41 /* LaunchScreen.storyboard */; };
		6563BD3E206029620071AA41 /* VCRegister.swift in Sources */ = {isa = PBXBuildFile; fileRef = 6563BD3D206029620071AA41 /* VCRegister.swift */; };
		6563BD4020602C320071AA41 /* VCPrincipal.swift in Sources */ = {isa = PBXBuildFile; fileRef = 6563BD3F20602C320071AA41 /* VCPrincipal.swift */; };
/* End PBXBuildFile section */

/* Begin PBXFileReference section */
		6563BD2820600B0A0071AA41 /* Primer Hito.app */ = {isa = PBXFileReference; explicitFileType = wrapper.application; includeInIndex = 0; path = "Primer Hito.app"; sourceTree = BUILT_PRODUCTS_DIR; };
		6563BD2B20600B0A0071AA41 /* AppDelegate.swift */ = {isa = PBXFileReference; lastKnownFileType = sourcecode.swift; path = AppDelegate.swift; sourceTree = "<group>"; };
		6563BD2D20600B0A0071AA41 /* ViewController.swift */ = {isa = PBXFileReference; lastKnownFileType = sourcecode.swift; path = ViewController.swift; sourceTree = "<group>"; };
		6563BD3020600B0A0071AA41 /* Base */ = {isa = PBXFileReference; lastKnownFileType = file.storyboard; name = Base; path = Base.lproj/Main.storyboard; sourceTree = "<group>"; };
		6563BD3220600B0A0071AA41 /* Assets.xcassets */ = {isa = PBXFileReference; lastKnownFileType = folder.assetcatalog; path = Assets.xcassets; sourceTree = "<group>"; };
		6563BD3520600B0A0071AA41 /* Base */ = {isa = PBXFileReference; lastKnownFileType = file.storyboard; name = Base; path = Base.lproj/LaunchScreen.storyboard; sourceTree = "<group>"; };
		6563BD3720600B0A0071AA41 /* Info.plist */ = {isa = PBXFileReference; lastKnownFileType = text.plist.xml; path = Info.plist; sourceTree = "<group>"; };
		6563BD3D206029620071AA41 /* VCRegister.swift */ = {isa = PBXFileReference; lastKnownFileType = sourcecode.swift; path = VCRegister.swift; sourceTree = "<group>"; };
		6563BD3F20602C320071AA41 /* VCPrincipal.swift */ = {isa = PBXFileReference; lastKnownFileType = sourcecode.swift; path = VCPrincipal.swift; sourceTree = "<group>"; };
/* End PBXFileReference section */

/* Begin PBXFrameworksBuildPhase section */
		6563BD2520600B0A0071AA41 /* Frameworks */ = {
			isa = PBXFrameworksBuildPhase;
			buildActionMask = 2147483647;
			files = (
			);
			runOnlyForDeploymentPostprocessing = 0;
		};
/* End PBXFrameworksBuildPhase section */

/* Begin PBXGroup section */
		6563BD1F20600B0A0071AA41 = {
			isa = PBXGroup;
			children = (
				6563BD2A20600B0A0071AA41 /* Primer Hito */,
				6563BD2920600B0A0071AA41 /* Products */,
			);
			sourceTree = "<group>";
		};
		6563BD2920600B0A0071AA41 /* Products */ = {
			isa = PBXGroup;
			children = (
				6563BD2820600B0A0071AA41 /* Primer Hito.app */,
			);
			name = Products;
			sourceTree = "<group>";
		};
		6563BD2A20600B0A0071AA41 /* Primer Hito */ = {
			isa = PBXGroup;
			children = (
				6563BD2B20600B0A0071AA41 /* AppDelegate.swift */,
				6563BD2D20600B0A0071AA41 /* ViewController.swift */,
				6563BD2F20600B0A0071AA41 /* Main.storyboard */,
				6563BD3220600B0A0071AA41 /* Assets.xcassets */,
				6563BD3420600B0A0071AA41 /* LaunchScreen.storyboard */,
				6563BD3720600B0A0071AA41 /* Info.plist */,
				6563BD3D206029620071AA41 /* VCRegister.swift */,
				6563BD3F20602C320071AA41 /* VCPrincipal.swift */,
			);
			path = "Primer Hito";
			sourceTree = "<group>";
		};
/* End PBXGroup section */

/* Begin PBXNativeTarget section */
		6563BD2720600B0A0071AA41 /* Primer Hito */ = {
			isa = PBXNativeTarget;
			buildConfigurationList = 6563BD3A20600B0A0071AA41 /* Build configuration list for PBXNativeTarget "Primer Hito" */;
			buildPhases = (
				6563BD2420600B0A0071AA41 /* Sources */,
				6563BD2520600B0A0071AA41 /* Frameworks */,
				6563BD2620600B0A0071AA41 /* Resources */,
			);
			buildRules = (
			);
			dependencies = (
			);
			name = "Primer Hito";
			productName = "Primer Hito";
			productReference = 6563BD2820600B0A0071AA41 /* Primer Hito.app */;
			productType = "com.apple.product-type.application";
		};
/* End PBXNativeTarget section */

/* Begin PBXProject section */
		6563BD2020600B0A0071AA41 /* Project object */ = {
			isa = PBXProject;
			attributes = {
				LastSwiftUpdateCheck = 0920;
				LastUpgradeCheck = 0920;
				ORGANIZATIONNAME = "ALBERTO GURPEGUI RAMÓN";
				TargetAttributes = {
					6563BD2720600B0A0071AA41 = {
						CreatedOnToolsVersion = 9.2;
						ProvisioningStyle = Automatic;
					};
				};
			};
			buildConfigurationList = 6563BD2320600B0A0071AA41 /* Build configuration list for PBXProject "Primer Hito" */;
			compatibilityVersion = "Xcode 8.0";
			developmentRegion = en;
			hasScannedForEncodings = 0;
			knownRegions = (
				en,
				Base,
			);
			mainGroup = 6563BD1F20600B0A0071AA41;
			productRefGroup = 6563BD2920600B0A0071AA41 /* Products */;
			projectDirPath = "";
			projectRoot = "";
			targets = (
				6563BD2720600B0A0071AA41 /* Primer Hito */,
			);
		};
/* End PBXProject section */

/* Begin PBXResourcesBuildPhase section */
		6563BD2620600B0A0071AA41 /* Resources */ = {
			isa = PBXResourcesBuildPhase;
			buildActionMask = 2147483647;
			files = (
				6563BD3620600B0A0071AA41 /* LaunchScreen.storyboard in Resources */,
				6563BD3320600B0A0071AA41 /* Assets.xcassets in Resources */,
				6563BD3120600B0A0071AA41 /* Main.storyboard in Resources */,
			);
			runOnlyForDeploymentPostprocessing = 0;
		};
/* End PBXResourcesBuildPhase section */

/* Begin PBXSourcesBuildPhase section */
		6563BD2420600B0A0071AA41 /* Sources */ = {
			isa = PBXSourcesBuildPhase;
			buildActionMask = 2147483647;
			files = (
				6563BD2E20600B0A0071AA41 /* ViewController.swift in Sources */,
				6563BD3E206029620071AA41 /* VCRegister.swift in Sources */,
				6563BD2C20600B0A0071AA41 /* AppDelegate.swift in Sources */,
				6563BD4020602C320071AA41 /* VCPrincipal.swift in Sources */,
			);
			runOnlyForDeploymentPostprocessing = 0;
		};
/* End PBXSourcesBuildPhase section */

/* Begin PBXVariantGroup section */
		6563BD2F20600B0A0071AA41 /* Main.storyboard */ = {
			isa = PBXVariantGroup;
			children = (
				6563BD3020600B0A0071AA41 /* Base */,
			);
			name = Main.storyboard;
			sourceTree = "<group>";
		};
		6563BD3420600B0A0071AA41 /* LaunchScreen.storyboard */ = {
			isa = PBXVariantGroup;
			children = (
				6563BD3520600B0A0071AA41 /* Base */,
			);
			name = LaunchScreen.storyboard;
			sourceTree = "<group>";
		};
/* End PBXVariantGroup section */

/* Begin XCBuildConfiguration section */
		6563BD3820600B0A0071AA41 /* Debug */ = {
			isa = XCBuildConfiguration;
			buildSettings = {
				ALWAYS_SEARCH_USER_PATHS = NO;
				CLANG_ANALYZER_NONNULL = YES;
				CLANG_ANALYZER_NUMBER_OBJECT_CONVERSION = YES_AGGRESSIVE;
				CLANG_CXX_LANGUAGE_STANDARD = "gnu++14";
				CLANG_CXX_LIBRARY = "libc++";
				CLANG_ENABLE_MODULES = YES;
				CLANG_ENABLE_OBJC_ARC = YES;
				CLANG_WARN_BLOCK_CAPTURE_AUTORELEASING = YES;
				CLANG_WARN_BOOL_CONVERSION = YES;
				CLANG_WARN_COMMA = YES;
				CLANG_WARN_CONSTANT_CONVERSION = YES;
				CLANG_WARN_DIRECT_OBJC_ISA_USAGE = YES_ERROR;
				CLANG_WARN_DOCUMENTATION_COMMENTS = YES;
				CLANG_WARN_EMPTY_BODY = YES;
				CLANG_WARN_ENUM_CONVERSION = YES;
				CLANG_WARN_INFINITE_RECURSION = YES;
				CLANG_WARN_INT_CONVERSION = YES;
				CLANG_WARN_NON_LITERAL_NULL_CONVERSION = YES;
				CLANG_WARN_OBJC_LITERAL_CONVERSION = YES;
				CLANG_WARN_OBJC_ROOT_CLASS = YES_ERROR;
				CLANG_WARN_RANGE_LOOP_ANALYSIS = YES;
				CLANG_WARN_STRICT_PROTOTYPES = YES;
				CLANG_WARN_SUSPICIOUS_MOVE = YES;
				CLANG_WARN_UNGUARDED_AVAILABILITY = YES_AGGRESSIVE;
				CLANG_WARN_UNREACHABLE_CODE = YES;
				CLANG_WARN__DUPLICATE_METHOD_MATCH = YES;
				CODE_SIGN_IDENTITY = "iPhone Developer";
				COPY_PHASE_STRIP = NO;
				DEBUG_INFORMATION_FORMAT = dwarf;
				ENABLE_STRICT_OBJC_MSGSEND = YES;
				ENABLE_TESTABILITY = YES;
				GCC_C_LANGUAGE_STANDARD = gnu11;
				GCC_DYNAMIC_NO_PIC = NO;
				GCC_NO_COMMON_BLOCKS = YES;
				GCC_OPTIMIZATION_LEVEL = 0;
				GCC_PREPROCESSOR_DEFINITIONS = (
					"DEBUG=1",
					"$(inherited)",
				);
				GCC_WARN_64_TO_32_BIT_CONVERSION = YES;
				GCC_WARN_ABOUT_RETURN_TYPE = YES_ERROR;
				GCC_WARN_UNDECLARED_SELECTOR = YES;
				GCC_WARN_UNINITIALIZED_AUTOS = YES_AGGRESSIVE;
				GCC_WARN_UNUSED_FUNCTION = YES;
				GCC_WARN_UNUSED_VARIABLE = YES;
				IPHONEOS_DEPLOYMENT_TARGET = 11.2;
				MTL_ENABLE_DEBUG_INFO = YES;
				ONLY_ACTIVE_ARCH = YES;
				SDKROOT = iphoneos;
				SWIFT_ACTIVE_COMPILATION_CONDITIONS = DEBUG;
				SWIFT_OPTIMIZATION_LEVEL = "-Onone";
			};
			name = Debug;
		};
		6563BD3920600B0A0071AA41 /* Release */ = {
			isa = XCBuildConfiguration;
			buildSettings = {
				ALWAYS_SEARCH_USER_PATHS = NO;
				CLANG_ANALYZER_NONNULL = YES;
				CLANG_ANALYZER_NUMBER_OBJECT_CONVERSION = YES_AGGRESSIVE;
				CLANG_CXX_LANGUAGE_STANDARD = "gnu++14";
				CLANG_CXX_LIBRARY = "libc++";
				CLANG_ENABLE_MODULES = YES;
				CLANG_ENABLE_OBJC_ARC = YES;
				CLANG_WARN_BLOCK_CAPTURE_AUTORELEASING = YES;
				CLANG_WARN_BOOL_CONVERSION = YES;
				CLANG_WARN_COMMA = YES;
				CLANG_WARN_CONSTANT_CONVERSION = YES;
				CLANG_WARN_DIRECT_OBJC_ISA_USAGE = YES_ERROR;
				CLANG_WARN_DOCUMENTATION_COMMENTS = YES;
				CLANG_WARN_EMPTY_BODY = YES;
				CLANG_WARN_ENUM_CONVERSION = YES;
				CLANG_WARN_INFINITE_RECURSION = YES;
				CLANG_WARN_INT_CONVERSION = YES;
				CLANG_WARN_NON_LITERAL_NULL_CONVERSION = YES;
				CLANG_WARN_OBJC_LITERAL_CONVERSION = YES;
				CLANG_WARN_OBJC_ROOT_CLASS = YES_ERROR;
				CLANG_WARN_RANGE_LOOP_ANALYSIS = YES;
				CLANG_WARN_STRICT_PROTOTYPES = YES;
				CLANG_WARN_SUSPICIOUS_MOVE = YES;
				CLANG_WARN_UNGUARDED_AVAILABILITY = YES_AGGRESSIVE;
				CLANG_WARN_UNREACHABLE_CODE = YES;
				CLANG_WARN__DUPLICATE_METHOD_MATCH = YES;
				CODE_SIGN_IDENTITY = "iPhone Developer";
				COPY_PHASE_STRIP = NO;
				DEBUG_INFORMATION_FORMAT = "dwarf-with-dsym";
				ENABLE_NS_ASSERTIONS = NO;
				ENABLE_STRICT_OBJC_MSGSEND = YES;
				GCC_C_LANGUAGE_STANDARD = gnu11;
				GCC_NO_COMMON_BLOCKS = YES;
				GCC_WARN_64_TO_32_BIT_CONVERSION = YES;
				GCC_WARN_ABOUT_RETURN_TYPE = YES_ERROR;
				GCC_WARN_UNDECLARED_SELECTOR = YES;
				GCC_WARN_UNINITIALIZED_AUTOS = YES_AGGRESSIVE;
				GCC_WARN_UNUSED_FUNCTION = YES;
				GCC_WARN_UNUSED_VARIABLE = YES;
				IPHONEOS_DEPLOYMENT_TARGET = 11.2;
				MTL_ENABLE_DEBUG_INFO = NO;
				SDKROOT = iphoneos;
				SWIFT_OPTIMIZATION_LEVEL = "-Owholemodule";
				VALIDATE_PRODUCT = YES;
			};
			name = Release;
		};
		6563BD3B20600B0A0071AA41 /* Debug */ = {
			isa = XCBuildConfiguration;
			buildSettings = {
				ASSETCATALOG_COMPILER_APPICON_NAME = AppIcon;
				CODE_SIGN_STYLE = Automatic;
				DEVELOPMENT_TEAM = V9UK4F2999;
				INFOPLIST_FILE = "Primer Hito/Info.plist";
				LD_RUNPATH_SEARCH_PATHS = "$(inherited) @executable_path/Frameworks";
				PRODUCT_BUNDLE_IDENTIFIER = "albertogurpegui.Primer-Hito";
				PRODUCT_NAME = "$(TARGET_NAME)";
				SWIFT_VERSION = 4.0;
				TARGETED_DEVICE_FAMILY = "1,2";
			};
			name = Debug;
		};
		6563BD3C20600B0A0071AA41 /* Release */ = {
			isa = XCBuildConfiguration;
			buildSettings = {
				ASSETCATALOG_COMPILER_APPICON_NAME = AppIcon;
				CODE_SIGN_STYLE = Automatic;
				DEVELOPMENT_TEAM = V9UK4F2999;
				INFOPLIST_FILE = "Primer Hito/Info.plist";
				LD_RUNPATH_SEARCH_PATHS = "$(inherited) @executable_path/Frameworks";
				PRODUCT_BUNDLE_IDENTIFIER = "albertogurpegui.Primer-Hito";
				PRODUCT_NAME = "$(TARGET_NAME)";
				SWIFT_VERSION = 4.0;
				TARGETED_DEVICE_FAMILY = "1,2";
			};
			name = Release;
		};
/* End XCBuildConfiguration section */

/* Begin XCConfigurationList section */
		6563BD2320600B0A0071AA41 /* Build configuration list for PBXProject "Primer Hito" */ = {
			isa = XCConfigurationList;
			buildConfigurations = (
				6563BD3820600B0A0071AA41 /* Debug */,
				6563BD3920600B0A0071AA41 /* Release */,
			);
			defaultConfigurationIsVisible = 0;
			defaultConfigurationName = Release;
		};
		6563BD3A20600B0A0071AA41 /* Build configuration list for PBXNativeTarget "Primer Hito" */ = {
			isa = XCConfigurationList;
			buildConfigurations = (
				6563BD3B20600B0A0071AA41 /* Debug */,
				6563BD3C20600B0A0071AA41 /* Release */,
			);
			defaultConfigurationIsVisible = 0;
			defaultConfigurationName = Release;
		};
/* End XCConfigurationList section */
	};
	rootObject = 6563BD2020600B0A0071AA41 /* Project object */;
}
